
Microsoft Visual Studio Solution File, Format Version 12.00
# Visual Studio Version 16
VisualStudioVersion = 16.0.29509.3
MinimumVisualStudioVersion = 10.0.40219.1
Project("{9A19103F-16F7-4668-BE54-9A1E7A4F7556}") = "DiscountService", "DiscountService\DiscountService.csproj", "{C37AE4FE-D6A8-49E9-AFB5-E45E98BAAB15}"
EndProject
Global
	GlobalSection(SolutionConfigurationPlatforms) = preSolution
		Debug|Any CPU = Debug|Any CPU
		Release|Any CPU = Release|Any CPU
	EndGlobalSection
	GlobalSection(ProjectConfigurationPlatforms) = postSolution
		{C37AE4FE-D6A8-49E9-AFB5-E45E98BAAB15}.Debug|Any CPU.ActiveCfg = Debug|Any CPU
		{C37AE4FE-D6A8-49E9-AFB5-E45E98BAAB15}.Debug|Any CPU.Build.0 = Debug|Any CPU
		{C37AE4FE-D6A8-49E9-AFB5-E45E98BAAB15}.Release|Any CPU.ActiveCfg = Release|Any CPU
		{C37AE4FE-D6A8-49E9-AFB5-E45E98BAAB15}.Release|Any CPU.Build.0 = Release|Any CPU
	EndGlobalSection
	GlobalSection(SolutionProperties) = preSolution
		HideSolutionNode = FALSE
	EndGlobalSection
	GlobalSection(ExtensibilityGlobals) = postSolution
		SolutionGuid = {BC27E6EF-0D6D-442A-8CAB-83B9F117961C}
	EndGlobalSection
EndGlobal
